// !$*UTF8*$!
{
	archiveVersion = 1;
	classes = {
	};
	objectVersion = 55;
	objects = {

/* Begin PBXBuildFile section */
		1F4C2A812864358C0017CAC5 /* TaskApp.swift in Sources */ = {isa = PBXBuildFile; fileRef = 1F4C2A802864358C0017CAC5 /* TaskApp.swift */; };
		1F4C2A852864358E0017CAC5 /* Assets.xcassets in Resources */ = {isa = PBXBuildFile; fileRef = 1F4C2A842864358E0017CAC5 /* Assets.xcassets */; };
		1F4C2A882864358E0017CAC5 /* Preview Assets.xcassets in Resources */ = {isa = PBXBuildFile; fileRef = 1F4C2A872864358E0017CAC5 /* Preview Assets.xcassets */; };
		1F4C2A8A2864358E0017CAC5 /* Persistence.swift in Sources */ = {isa = PBXBuildFile; fileRef = 1F4C2A892864358E0017CAC5 /* Persistence.swift */; };
		1F4C2A8D2864358E0017CAC5 /* Task.xcdatamodeld in Sources */ = {isa = PBXBuildFile; fileRef = 1F4C2A8B2864358E0017CAC5 /* Task.xcdatamodeld */; };
		1F4C2A95286436760017CAC5 /* Home.swift in Sources */ = {isa = PBXBuildFile; fileRef = 1F4C2A94286436760017CAC5 /* Home.swift */; };
		1F4C2A98286437860017CAC5 /* HomeViewModel.swift in Sources */ = {isa = PBXBuildFile; fileRef = 1F4C2A97286437860017CAC5 /* HomeViewModel.swift */; };
		1F4C2A9A286439E80017CAC5 /* NewData.swift in Sources */ = {isa = PBXBuildFile; fileRef = 1F4C2A99286439E80017CAC5 /* NewData.swift */; };
		1F4C2A9C286440440017CAC5 /* DateButton.swift in Sources */ = {isa = PBXBuildFile; fileRef = 1F4C2A9B286440440017CAC5 /* DateButton.swift */; };
/* End PBXBuildFile section */

/* Begin PBXFileReference section */
		1F4C2A7D2864358C0017CAC5 /* Task.app */ = {isa = PBXFileReference; explicitFileType = wrapper.application; includeInIndex = 0; path = Task.app; sourceTree = BUILT_PRODUCTS_DIR; };
		1F4C2A802864358C0017CAC5 /* TaskApp.swift */ = {isa = PBXFileReference; lastKnownFileType = sourcecode.swift; path = TaskApp.swift; sourceTree = "<group>"; };
		1F4C2A842864358E0017CAC5 /* Assets.xcassets */ = {isa = PBXFileReference; lastKnownFileType = folder.assetcatalog; path = Assets.xcassets; sourceTree = "<group>"; };
		1F4C2A872864358E0017CAC5 /* Preview Assets.xcassets */ = {isa = PBXFileReference; lastKnownFileType = folder.assetcatalog; path = "Preview Assets.xcassets"; sourceTree = "<group>"; };
		1F4C2A892864358E0017CAC5 /* Persistence.swift */ = {isa = PBXFileReference; lastKnownFileType = sourcecode.swift; path = Persistence.swift; sourceTree = "<group>"; };
		1F4C2A8C2864358E0017CAC5 /* Task.xcdatamodel */ = {isa = PBXFileReference; lastKnownFileType = wrapper.xcdatamodel; path = Task.xcdatamodel; sourceTree = "<group>"; };
		1F4C2A94286436760017CAC5 /* Home.swift */ = {isa = PBXFileReference; lastKnownFileType = sourcecode.swift; path = Home.swift; sourceTree = "<group>"; };
		1F4C2A97286437860017CAC5 /* HomeViewModel.swift */ = {isa = PBXFileReference; lastKnownFileType = sourcecode.swift; path = HomeViewModel.swift; sourceTree = "<group>"; };
		1F4C2A99286439E80017CAC5 /* NewData.swift */ = {isa = PBXFileReference; lastKnownFileType = sourcecode.swift; path = NewData.swift; sourceTree = "<group>"; };
		1F4C2A9B286440440017CAC5 /* DateButton.swift */ = {isa = PBXFileReference; lastKnownFileType = sourcecode.swift; path = DateButton.swift; sourceTree = "<group>"; };
/* End PBXFileReference section */

/* Begin PBXFrameworksBuildPhase section */
		1F4C2A7A2864358C0017CAC5 /* Frameworks */ = {
			isa = PBXFrameworksBuildPhase;
			buildActionMask = 2147483647;
			files = (
			);
			runOnlyForDeploymentPostprocessing = 0;
		};
/* End PBXFrameworksBuildPhase section */

/* Begin PBXGroup section */
		1F4C2A742864358C0017CAC5 = {
			isa = PBXGroup;
			children = (
				1F4C2A7F2864358C0017CAC5 /* Task */,
				1F4C2A7E2864358C0017CAC5 /* Products */,
			);
			sourceTree = "<group>";
		};
		1F4C2A7E2864358C0017CAC5 /* Products */ = {
			isa = PBXGroup;
			children = (
				1F4C2A7D2864358C0017CAC5 /* Task.app */,
			);
			name = Products;
			sourceTree = "<group>";
		};
		1F4C2A7F2864358C0017CAC5 /* Task */ = {
			isa = PBXGroup;
			children = (
				1F4C2A96286437640017CAC5 /* ViewModel */,
				1F4C2A93286436680017CAC5 /* View */,
				1F4C2A802864358C0017CAC5 /* TaskApp.swift */,
				1F4C2A842864358E0017CAC5 /* Assets.xcassets */,
				1F4C2A892864358E0017CAC5 /* Persistence.swift */,
				1F4C2A8B2864358E0017CAC5 /* Task.xcdatamodeld */,
				1F4C2A862864358E0017CAC5 /* Preview Content */,
			);
			path = Task;
			sourceTree = "<group>";
		};
		1F4C2A862864358E0017CAC5 /* Preview Content */ = {
			isa = PBXGroup;
			children = (
				1F4C2A872864358E0017CAC5 /* Preview Assets.xcassets */,
			);
			path = "Preview Content";
			sourceTree = "<group>";
		};
		1F4C2A93286436680017CAC5 /* View */ = {
			isa = PBXGroup;
			children = (
				1F4C2A94286436760017CAC5 /* Home.swift */,
				1F4C2A99286439E80017CAC5 /* NewData.swift */,
				1F4C2A9B286440440017CAC5 /* DateButton.swift */,
			);
			path = View;
			sourceTree = "<group>";
		};
		1F4C2A96286437640017CAC5 /* ViewModel */ = {
			isa = PBXGroup;
			children = (
				1F4C2A97286437860017CAC5 /* HomeViewModel.swift */,
			);
			path = ViewModel;
			sourceTree = "<group>";
		};
/* End PBXGroup section */

/* Begin PBXNativeTarget section */
		1F4C2A7C2864358C0017CAC5 /* Task */ = {
			isa = PBXNativeTarget;
			buildConfigurationList = 1F4C2A902864358E0017CAC5 /* Build configuration list for PBXNativeTarget "Task" */;
			buildPhases = (
				1F4C2A792864358C0017CAC5 /* Sources */,
				1F4C2A7A2864358C0017CAC5 /* Frameworks */,
				1F4C2A7B2864358C0017CAC5 /* Resources */,
			);
			buildRules = (
			);
			dependencies = (
			);
			name = Task;
			productName = Task;
			productReference = 1F4C2A7D2864358C0017CAC5 /* Task.app */;
			productType = "com.apple.product-type.application";
		};
/* End PBXNativeTarget section */

/* Begin PBXProject section */
		1F4C2A752864358C0017CAC5 /* Project object */ = {
			isa = PBXProject;
			attributes = {
				BuildIndependentTargetsInParallel = 1;
				LastSwiftUpdateCheck = 1340;
				LastUpgradeCheck = 1340;
				TargetAttributes = {
					1F4C2A7C2864358C0017CAC5 = {
						CreatedOnToolsVersion = 13.4.1;
					};
				};
			};
			buildConfigurationList = 1F4C2A782864358C0017CAC5 /* Build configuration list for PBXProject "Task" */;
			compatibilityVersion = "Xcode 13.0";
			developmentRegion = en;
			hasScannedForEncodings = 0;
			knownRegions = (
				en,
				Base,
			);
			mainGroup = 1F4C2A742864358C0017CAC5;
			productRefGroup = 1F4C2A7E2864358C0017CAC5 /* Products */;
			projectDirPath = "";
			projectRoot = "";
			targets = (
				1F4C2A7C2864358C0017CAC5 /* Task */,
			);
		};
/* End PBXProject section */

/* Begin PBXResourcesBuildPhase section */
		1F4C2A7B2864358C0017CAC5 /* Resources */ = {
			isa = PBXResourcesBuildPhase;
			buildActionMask = 2147483647;
			files = (
				1F4C2A882864358E0017CAC5 /* Preview Assets.xcassets in Resources */,
				1F4C2A852864358E0017CAC5 /* Assets.xcassets in Resources */,
			);
			runOnlyForDeploymentPostprocessing = 0;
		};
/* End PBXResourcesBuildPhase section */

/* Begin PBXSourcesBuildPhase section */
		1F4C2A792864358C0017CAC5 /* Sources */ = {
			isa = PBXSourcesBuildPhase;
			buildActionMask = 2147483647;
			files = (
				1F4C2A9A286439E80017CAC5 /* NewData.swift in Sources */,
				1F4C2A9C286440440017CAC5 /* DateButton.swift in Sources */,
				1F4C2A8D2864358E0017CAC5 /* Task.xcdatamodeld in Sources */,
				1F4C2A8A2864358E0017CAC5 /* Persistence.swift in Sources */,
				1F4C2A95286436760017CAC5 /* Home.swift in Sources */,
				1F4C2A98286437860017CAC5 /* HomeViewModel.swift in Sources */,
				1F4C2A812864358C0017CAC5 /* TaskApp.swift in Sources */,
			);
			runOnlyForDeploymentPostprocessing = 0;
		};
/* End PBXSourcesBuildPhase section */

/* Begin XCBuildConfiguration section */
		1F4C2A8E2864358E0017CAC5 /* Debug */ = {
			isa = XCBuildConfiguration;
			buildSettings = {
				ALWAYS_SEARCH_USER_PATHS = NO;
				CLANG_ANALYZER_NONNULL = YES;
				CLANG_ANALYZER_NUMBER_OBJECT_CONVERSION = YES_AGGRESSIVE;
				CLANG_CXX_LANGUAGE_STANDARD = "gnu++17";
				CLANG_ENABLE_MODULES = YES;
				CLANG_ENABLE_OBJC_ARC = YES;
				CLANG_ENABLE_OBJC_WEAK = YES;
				CLANG_WARN_BLOCK_CAPTURE_AUTORELEASING = YES;
				CLANG_WARN_BOOL_CONVERSION = YES;
				CLANG_WARN_COMMA = YES;
				CLANG_WARN_CONSTANT_CONVERSION = YES;
				CLANG_WARN_DEPRECATED_OBJC_IMPLEMENTATIONS = YES;
				CLANG_WARN_DIRECT_OBJC_ISA_USAGE = YES_ERROR;
				CLANG_WARN_DOCUMENTATION_COMMENTS = YES;
				CLANG_WARN_EMPTY_BODY = YES;
				CLANG_WARN_ENUM_CONVERSION = YES;
				CLANG_WARN_INFINITE_RECURSION = YES;
				CLANG_WARN_INT_CONVERSION = YES;
				CLANG_WARN_NON_LITERAL_NULL_CONVERSION = YES;
				CLANG_WARN_OBJC_IMPLICIT_RETAIN_SELF = YES;
				CLANG_WARN_OBJC_LITERAL_CONVERSION = YES;
				CLANG_WARN_OBJC_ROOT_CLASS = YES_ERROR;
				CLANG_WARN_QUOTED_INCLUDE_IN_FRAMEWORK_HEADER = YES;
				CLANG_WARN_RANGE_LOOP_ANALYSIS = YES;
				CLANG_WARN_STRICT_PROTOTYPES = YES;
				CLANG_WARN_SUSPICIOUS_MOVE = YES;
				CLANG_WARN_UNGUARDED_AVAILABILITY = YES_AGGRESSIVE;
				CLANG_WARN_UNREACHABLE_CODE = YES;
				CLANG_WARN__DUPLICATE_METHOD_MATCH = YES;
				COPY_PHASE_STRIP = NO;
				DEBUG_INFORMATION_FORMAT = dwarf;
				ENABLE_STRICT_OBJC_MSGSEND = YES;
				ENABLE_TESTABILITY = YES;
				GCC_C_LANGUAGE_STANDARD = gnu11;
				GCC_DYNAMIC_NO_PIC = NO;
				GCC_NO_COMMON_BLOCKS = YES;
				GCC_OPTIMIZATION_LEVEL = 0;
				GCC_PREPROCESSOR_DEFINITIONS = (
					"DEBUG=1",
					"$(inherited)",
				);
				GCC_WARN_64_TO_32_BIT_CONVERSION = YES;
				GCC_WARN_ABOUT_RETURN_TYPE = YES_ERROR;
				GCC_WARN_UNDECLARED_SELECTOR = YES;
				GCC_WARN_UNINITIALIZED_AUTOS = YES_AGGRESSIVE;
				GCC_WARN_UNUSED_FUNCTION = YES;
				GCC_WARN_UNUSED_VARIABLE = YES;
				IPHONEOS_DEPLOYMENT_TARGET = 15.5;
				MTL_ENABLE_DEBUG_INFO = INCLUDE_SOURCE;
				MTL_FAST_MATH = YES;
				ONLY_ACTIVE_ARCH = YES;
				SDKROOT = iphoneos;
				SWIFT_ACTIVE_COMPILATION_CONDITIONS = DEBUG;
				SWIFT_OPTIMIZATION_LEVEL = "-Onone";
			};
			name = Debug;
		};
		1F4C2A8F2864358E0017CAC5 /* Release */ = {
			isa = XCBuildConfiguration;
			buildSettings = {
				ALWAYS_SEARCH_USER_PATHS = NO;
				CLANG_ANALYZER_NONNULL = YES;
				CLANG_ANALYZER_NUMBER_OBJECT_CONVERSION = YES_AGGRESSIVE;
				CLANG_CXX_LANGUAGE_STANDARD = "gnu++17";
				CLANG_ENABLE_MODULES = YES;
				CLANG_ENABLE_OBJC_ARC = YES;
				CLANG_ENABLE_OBJC_WEAK = YES;
				CLANG_WARN_BLOCK_CAPTURE_AUTORELEASING = YES;
				CLANG_WARN_BOOL_CONVERSION = YES;
				CLANG_WARN_COMMA = YES;
				CLANG_WARN_CONSTANT_CONVERSION = YES;
				CLANG_WARN_DEPRECATED_OBJC_IMPLEMENTATIONS = YES;
				CLANG_WARN_DIRECT_OBJC_ISA_USAGE = YES_ERROR;
				CLANG_WARN_DOCUMENTATION_COMMENTS = YES;
				CLANG_WARN_EMPTY_BODY = YES;
				CLANG_WARN_ENUM_CONVERSION = YES;
				CLANG_WARN_INFINITE_RECURSION = YES;
				CLANG_WARN_INT_CONVERSION = YES;
				CLANG_WARN_NON_LITERAL_NULL_CONVERSION = YES;
				CLANG_WARN_OBJC_IMPLICIT_RETAIN_SELF = YES;
				CLANG_WARN_OBJC_LITERAL_CONVERSION = YES;
				CLANG_WARN_OBJC_ROOT_CLASS = YES_ERROR;
				CLANG_WARN_QUOTED_INCLUDE_IN_FRAMEWORK_HEADER = YES;
				CLANG_WARN_RANGE_LOOP_ANALYSIS = YES;
				CLANG_WARN_STRICT_PROTOTYPES = YES;
				CLANG_WARN_SUSPICIOUS_MOVE = YES;
				CLANG_WARN_UNGUARDED_AVAILABILITY = YES_AGGRESSIVE;
				CLANG_WARN_UNREACHABLE_CODE = YES;
				CLANG_WARN__DUPLICATE_METHOD_MATCH = YES;
				COPY_PHASE_STRIP = NO;
				DEBUG_INFORMATION_FORMAT = "dwarf-with-dsym";
				ENABLE_NS_ASSERTIONS = NO;
				ENABLE_STRICT_OBJC_MSGSEND = YES;
				GCC_C_LANGUAGE_STANDARD = gnu11;
				GCC_NO_COMMON_BLOCKS = YES;
				GCC_WARN_64_TO_32_BIT_CONVERSION = YES;
				GCC_WARN_ABOUT_RETURN_TYPE = YES_ERROR;
				GCC_WARN_UNDECLARED_SELECTOR = YES;
				GCC_WARN_UNINITIALIZED_AUTOS = YES_AGGRESSIVE;
				GCC_WARN_UNUSED_FUNCTION = YES;
				GCC_WARN_UNUSED_VARIABLE = YES;
				IPHONEOS_DEPLOYMENT_TARGET = 15.5;
				MTL_ENABLE_DEBUG_INFO = NO;
				MTL_FAST_MATH = YES;
				SDKROOT = iphoneos;
				SWIFT_COMPILATION_MODE = wholemodule;
				SWIFT_OPTIMIZATION_LEVEL = "-O";
				VALIDATE_PRODUCT = YES;
			};
			name = Release;
		};
		1F4C2A912864358E0017CAC5 /* Debug */ = {
			isa = XCBuildConfiguration;
			buildSettings = {
				ASSETCATALOG_COMPILER_APPICON_NAME = AppIcon;
				ASSETCATALOG_COMPILER_GLOBAL_ACCENT_COLOR_NAME = AccentColor;
				CODE_SIGN_STYLE = Automatic;
				CURRENT_PROJECT_VERSION = 1;
				DEVELOPMENT_ASSET_PATHS = "\"Task/Preview Content\"";
				DEVELOPMENT_TEAM = H5QG2Z5KD8;
				ENABLE_PREVIEWS = YES;
				GENERATE_INFOPLIST_FILE = YES;
				INFOPLIST_KEY_UIApplicationSceneManifest_Generation = YES;
				INFOPLIST_KEY_UIApplicationSupportsIndirectInputEvents = YES;
				INFOPLIST_KEY_UILaunchScreen_Generation = YES;
				INFOPLIST_KEY_UISupportedInterfaceOrientations_iPad = "UIInterfaceOrientationPortrait UIInterfaceOrientationPortraitUpsideDown UIInterfaceOrientationLandscapeLeft UIInterfaceOrientationLandscapeRight";
				INFOPLIST_KEY_UISupportedInterfaceOrientations_iPhone = "UIInterfaceOrientationPortrait UIInterfaceOrientationLandscapeLeft UIInterfaceOrientationLandscapeRight";
				LD_RUNPATH_SEARCH_PATHS = (
					"$(inherited)",
					"@executable_path/Frameworks",
				);
				MARKETING_VERSION = 1.0;
				PRODUCT_BUNDLE_IDENTIFIER = standartesoftware.com.Task;
				PRODUCT_NAME = "$(TARGET_NAME)";
				SWIFT_EMIT_LOC_STRINGS = YES;
				SWIFT_VERSION = 5.0;
				TARGETED_DEVICE_FAMILY = "1,2";
			};
			name = Debug;
		};
		1F4C2A922864358E0017CAC5 /* Release */ = {
			isa = XCBuildConfiguration;
			buildSettings = {
				ASSETCATALOG_COMPILER_APPICON_NAME = AppIcon;
				ASSETCATALOG_COMPILER_GLOBAL_ACCENT_COLOR_NAME = AccentColor;
				CODE_SIGN_STYLE = Automatic;
				CURRENT_PROJECT_VERSION = 1;
				DEVELOPMENT_ASSET_PATHS = "\"Task/Preview Content\"";
				DEVELOPMENT_TEAM = H5QG2Z5KD8;
				ENABLE_PREVIEWS = YES;
				GENERATE_INFOPLIST_FILE = YES;
				INFOPLIST_KEY_UIApplicationSceneManifest_Generation = YES;
				INFOPLIST_KEY_UIApplicationSupportsIndirectInputEvents = YES;
				INFOPLIST_KEY_UILaunchScreen_Generation = YES;
				INFOPLIST_KEY_UISupportedInterfaceOrientations_iPad = "UIInterfaceOrientationPortrait UIInterfaceOrientationPortraitUpsideDown UIInterfaceOrientationLandscapeLeft UIInterfaceOrientationLandscapeRight";
				INFOPLIST_KEY_UISupportedInterfaceOrientations_iPhone = "UIInterfaceOrientationPortrait UIInterfaceOrientationLandscapeLeft UIInterfaceOrientationLandscapeRight";
				LD_RUNPATH_SEARCH_PATHS = (
					"$(inherited)",
					"@executable_path/Frameworks",
				);
				MARKETING_VERSION = 1.0;
				PRODUCT_BUNDLE_IDENTIFIER = standartesoftware.com.Task;
				PRODUCT_NAME = "$(TARGET_NAME)";
				SWIFT_EMIT_LOC_STRINGS = YES;
				SWIFT_VERSION = 5.0;
				TARGETED_DEVICE_FAMILY = "1,2";
			};
			name = Release;
		};
/* End XCBuildConfiguration section */

/* Begin XCConfigurationList section */
		1F4C2A782864358C0017CAC5 /* Build configuration list for PBXProject "Task" */ = {
			isa = XCConfigurationList;
			buildConfigurations = (
				1F4C2A8E2864358E0017CAC5 /* Debug */,
				1F4C2A8F2864358E0017CAC5 /* Release */,
			);
			defaultConfigurationIsVisible = 0;
			defaultConfigurationName = Release;
		};
		1F4C2A902864358E0017CAC5 /* Build configuration list for PBXNativeTarget "Task" */ = {
			isa = XCConfigurationList;
			buildConfigurations = (
				1F4C2A912864358E0017CAC5 /* Debug */,
				1F4C2A922864358E0017CAC5 /* Release */,
			);
			defaultConfigurationIsVisible = 0;
			defaultConfigurationName = Release;
		};
/* End XCConfigurationList section */

/* Begin XCVersionGroup section */
		1F4C2A8B2864358E0017CAC5 /* Task.xcdatamodeld */ = {
			isa = XCVersionGroup;
			children = (
				1F4C2A8C2864358E0017CAC5 /* Task.xcdatamodel */,
			);
			currentVersion = 1F4C2A8C2864358E0017CAC5 /* Task.xcdatamodel */;
			path = Task.xcdatamodeld;
			sourceTree = "<group>";
			versionGroupType = wrapper.xcdatamodel;
		};
/* End XCVersionGroup section */
	};
	rootObject = 1F4C2A752864358C0017CAC5 /* Project object */;
}
